PODS:
  - AFNetworking (3.2.1):
    - AFNetworking/NSURLSession (= 3.2.1)
    - AFNetworking/Reachability (= 3.2.1)
    - AFNetworking/Security (= 3.2.1)
    - AFNetworking/Serialization (= 3.2.1)
    - AFNetworking/UIKit (= 3.2.1)
  - AFNetworking/NSURLSession (3.2.1):
    - AFNetworking/Reachability
    - AFNetworking/Security
    - AFNetworking/Serialization
  - AFNetworking/Reachability (3.2.1)
  - AFNetworking/Security (3.2.1)
  - AFNetworking/Serialization (3.2.1)
  - AFNetworking/UIKit (3.2.1):
    - AFNetworking/NSURLSession
  - Masonry (1.1.0)
  - MBProgressHUD (1.1.0)
  - SalesManDataStorage (0.2.0)
  - SalesManGlobal (0.6.0):
    - MBProgressHUD
  - SalesManLogin (0.5.0):
    - Masonry
    - SalesManDataStorage
    - SalesManGlobal
    - SalesManNetwork
  - SalesManNetwork (0.8.0):
    - AFNetworking

DEPENDENCIES:
  - Masonry
  - SalesManDataStorage
  - SalesManGlobal
  - SalesManLogin (from `../`)
  - SalesManNetwork

EXTERNAL SOURCES:
  SalesManLogin:
    :path: ../

SPEC CHECKSUMS:
  AFNetworking: b6f891fdfaed196b46c7a83cf209e09697b94057
  Masonry: 678fab65091a9290e40e2832a55e7ab731aad201
  MBProgressHUD: e7baa36a220447d8aeb12769bf0585582f3866d9
  SalesManDataStorage: 840a9e70e446d22cea8f270f8d415b990226b2e3
  SalesManGlobal: df77526ff87148785f472107f8dc2cb3382a3996
  SalesManLogin: e7a27b2d502e12239e8c7f2d8ffa546a5e41e1d3
  SalesManNetwork: ede3f26445a1d835cadedff4f3a7a644fab7b1ad

PODFILE CHECKSUM: 9b1a8aa609fb8bae3bbc465273b29a017f2173e6

COCOAPODS: 1.4.0
